// !$*UTF8*$!
{
	archiveVersion = 1;
	classes = {
	};
	objectVersion = 46;
	objects = {

/* Begin PBXBuildFile section */
		26892B1FCACA589290449DE0 /* Pods_Facebook_Messenger.framework in Frameworks */ = {isa = PBXBuildFile; fileRef = 3E7CF83493762D8984A6A854 /* Pods_Facebook_Messenger.framework */; };
		9635BE821DF8B36E00361B03 /* AppDelegate.swift in Sources */ = {isa = PBXBuildFile; fileRef = 9635BE811DF8B36E00361B03 /* AppDelegate.swift */; };
		9635BE841DF8B36E00361B03 /* FriendListController.swift in Sources */ = {isa = PBXBuildFile; fileRef = 9635BE831DF8B36E00361B03 /* FriendListController.swift */; };
		9635BE8A1DF8B36E00361B03 /* Facebook_Messenger.xcdatamodeld in Sources */ = {isa = PBXBuildFile; fileRef = 9635BE881DF8B36E00361B03 /* Facebook_Messenger.xcdatamodeld */; };
		9635BE8C1DF8B36E00361B03 /* Assets.xcassets in Resources */ = {isa = PBXBuildFile; fileRef = 9635BE8B1DF8B36E00361B03 /* Assets.xcassets */; };
		9635BE8F1DF8B36E00361B03 /* LaunchScreen.storyboard in Resources */ = {isa = PBXBuildFile; fileRef = 9635BE8D1DF8B36E00361B03 /* LaunchScreen.storyboard */; };
		9635BE981DF8B8B100361B03 /* MessageCell.swift in Sources */ = {isa = PBXBuildFile; fileRef = 9635BE971DF8B8B100361B03 /* MessageCell.swift */; };
		9635BE9B1DF8BB4F00361B03 /* BaseCell.swift in Sources */ = {isa = PBXBuildFile; fileRef = 9635BE9A1DF8BB4F00361B03 /* BaseCell.swift */; };
		9635BE9E1DF8EFB000361B03 /* Extension.swift in Sources */ = {isa = PBXBuildFile; fileRef = 9635BE9D1DF8EFB000361B03 /* Extension.swift */; };
		9635BEA31DF9116300361B03 /* FriendListControllerHelper.swift in Sources */ = {isa = PBXBuildFile; fileRef = 9635BEA21DF9116300361B03 /* FriendListControllerHelper.swift */; };
		9635BEA61DF9389000361B03 /* ChatLogController.swift in Sources */ = {isa = PBXBuildFile; fileRef = 9635BEA51DF9389000361B03 /* ChatLogController.swift */; };
		9682D8421DF9F18800EE010E /* CustomTabBarController.swift in Sources */ = {isa = PBXBuildFile; fileRef = 9682D8411DF9F18800EE010E /* CustomTabBarController.swift */; };
		9682D8441DFA63BA00EE010E /* MessageInputsView.swift in Sources */ = {isa = PBXBuildFile; fileRef = 9682D8431DFA63BA00EE010E /* MessageInputsView.swift */; };
/* End PBXBuildFile section */

/* Begin PBXFileReference section */
		3E7CF83493762D8984A6A854 /* Pods_Facebook_Messenger.framework */ = {isa = PBXFileReference; explicitFileType = wrapper.framework; includeInIndex = 0; path = Pods_Facebook_Messenger.framework; sourceTree = BUILT_PRODUCTS_DIR; };
		948A27BC51C3432C0ABC90FF /* Pods-Facebook Messenger.release.xcconfig */ = {isa = PBXFileReference; includeInIndex = 1; lastKnownFileType = text.xcconfig; name = "Pods-Facebook Messenger.release.xcconfig"; path = "Pods/Target Support Files/Pods-Facebook Messenger/Pods-Facebook Messenger.release.xcconfig"; sourceTree = "<group>"; };
		9635BE7E1DF8B36E00361B03 /* Facebook Messenger.app */ = {isa = PBXFileReference; explicitFileType = wrapper.application; includeInIndex = 0; path = "Facebook Messenger.app"; sourceTree = BUILT_PRODUCTS_DIR; };
		9635BE811DF8B36E00361B03 /* AppDelegate.swift */ = {isa = PBXFileReference; lastKnownFileType = sourcecode.swift; path = AppDelegate.swift; sourceTree = "<group>"; };
		9635BE831DF8B36E00361B03 /* FriendListController.swift */ = {isa = PBXFileReference; lastKnownFileType = sourcecode.swift; path = FriendListController.swift; sourceTree = "<group>"; };
		9635BE891DF8B36E00361B03 /* Facebook_Messenger.xcdatamodel */ = {isa = PBXFileReference; lastKnownFileType = wrapper.xcdatamodel; path = Facebook_Messenger.xcdatamodel; sourceTree = "<group>"; };
		9635BE8B1DF8B36E00361B03 /* Assets.xcassets */ = {isa = PBXFileReference; lastKnownFileType = folder.assetcatalog; path = Assets.xcassets; sourceTree = "<group>"; };
		9635BE8E1DF8B36E00361B03 /* Base */ = {isa = PBXFileReference; lastKnownFileType = file.storyboard; name = Base; path = Base.lproj/LaunchScreen.storyboard; sourceTree = "<group>"; };
		9635BE901DF8B36E00361B03 /* Info.plist */ = {isa = PBXFileReference; lastKnownFileType = text.plist.xml; path = Info.plist; sourceTree = "<group>"; };
		9635BE971DF8B8B100361B03 /* MessageCell.swift */ = {isa = PBXFileReference; fileEncoding = 4; lastKnownFileType = sourcecode.swift; path = MessageCell.swift; sourceTree = "<group>"; };
		9635BE9A1DF8BB4F00361B03 /* BaseCell.swift */ = {isa = PBXFileReference; fileEncoding = 4; lastKnownFileType = sourcecode.swift; path = BaseCell.swift; sourceTree = "<group>"; };
		9635BE9D1DF8EFB000361B03 /* Extension.swift */ = {isa = PBXFileReference; fileEncoding = 4; lastKnownFileType = sourcecode.swift; path = Extension.swift; sourceTree = "<group>"; };
		9635BEA21DF9116300361B03 /* FriendListControllerHelper.swift */ = {isa = PBXFileReference; fileEncoding = 4; lastKnownFileType = sourcecode.swift; path = FriendListControllerHelper.swift; sourceTree = "<group>"; };
		9635BEA51DF9389000361B03 /* ChatLogController.swift */ = {isa = PBXFileReference; fileEncoding = 4; lastKnownFileType = sourcecode.swift; path = ChatLogController.swift; sourceTree = "<group>"; };
		9682D8411DF9F18800EE010E /* CustomTabBarController.swift */ = {isa = PBXFileReference; fileEncoding = 4; lastKnownFileType = sourcecode.swift; path = CustomTabBarController.swift; sourceTree = "<group>"; };
		9682D8431DFA63BA00EE010E /* MessageInputsView.swift */ = {isa = PBXFileReference; fileEncoding = 4; lastKnownFileType = sourcecode.swift; path = MessageInputsView.swift; sourceTree = "<group>"; };
		F2834017C6E45F310598F98B /* Pods-Facebook Messenger.debug.xcconfig */ = {isa = PBXFileReference; includeInIndex = 1; lastKnownFileType = text.xcconfig; name = "Pods-Facebook Messenger.debug.xcconfig"; path = "Pods/Target Support Files/Pods-Facebook Messenger/Pods-Facebook Messenger.debug.xcconfig"; sourceTree = "<group>"; };
/* End PBXFileReference section */

/* Begin PBXFrameworksBuildPhase section */
		9635BE7B1DF8B36E00361B03 /* Frameworks */ = {
			isa = PBXFrameworksBuildPhase;
			buildActionMask = 2147483647;
			files = (
				26892B1FCACA589290449DE0 /* Pods_Facebook_Messenger.framework in Frameworks */,
			);
			runOnlyForDeploymentPostprocessing = 0;
		};
/* End PBXFrameworksBuildPhase section */

/* Begin PBXGroup section */
		33A7A100310C13B586DB938F /* Pods */ = {
			isa = PBXGroup;
			children = (
				F2834017C6E45F310598F98B /* Pods-Facebook Messenger.debug.xcconfig */,
				948A27BC51C3432C0ABC90FF /* Pods-Facebook Messenger.release.xcconfig */,
			);
			name = Pods;
			sourceTree = "<group>";
		};
		6FF8C9800BF4B812F17246BD /* Frameworks */ = {
			isa = PBXGroup;
			children = (
				3E7CF83493762D8984A6A854 /* Pods_Facebook_Messenger.framework */,
			);
			name = Frameworks;
			sourceTree = "<group>";
		};
		9635BE751DF8B36E00361B03 = {
			isa = PBXGroup;
			children = (
				9635BE801DF8B36E00361B03 /* Facebook Messenger */,
				9635BE7F1DF8B36E00361B03 /* Products */,
				33A7A100310C13B586DB938F /* Pods */,
				6FF8C9800BF4B812F17246BD /* Frameworks */,
			);
			sourceTree = "<group>";
		};
		9635BE7F1DF8B36E00361B03 /* Products */ = {
			isa = PBXGroup;
			children = (
				9635BE7E1DF8B36E00361B03 /* Facebook Messenger.app */,
			);
			name = Products;
			sourceTree = "<group>";
		};
		9635BE801DF8B36E00361B03 /* Facebook Messenger */ = {
			isa = PBXGroup;
			children = (
				9635BEA41DF9385E00361B03 /* Controller */,
				9635BE9F1DF90A1800361B03 /* Model */,
				9635BE9C1DF8EF9300361B03 /* Helper */,
				9635BE961DF8B87900361B03 /* View */,
				9635BE811DF8B36E00361B03 /* AppDelegate.swift */,
				9635BE8B1DF8B36E00361B03 /* Assets.xcassets */,
				9635BE8D1DF8B36E00361B03 /* LaunchScreen.storyboard */,
				9635BE901DF8B36E00361B03 /* Info.plist */,
				9635BE881DF8B36E00361B03 /* Facebook_Messenger.xcdatamodeld */,
			);
			path = "Facebook Messenger";
			sourceTree = "<group>";
		};
		9635BE961DF8B87900361B03 /* View */ = {
			isa = PBXGroup;
			children = (
				9682D8431DFA63BA00EE010E /* MessageInputsView.swift */,
				9635BE971DF8B8B100361B03 /* MessageCell.swift */,
				9635BE9A1DF8BB4F00361B03 /* BaseCell.swift */,
			);
			name = View;
			sourceTree = "<group>";
		};
		9635BE9C1DF8EF9300361B03 /* Helper */ = {
			isa = PBXGroup;
			children = (
				9635BE9D1DF8EFB000361B03 /* Extension.swift */,
				9635BEA21DF9116300361B03 /* FriendListControllerHelper.swift */,
			);
			name = Helper;
			sourceTree = "<group>";
		};
		9635BE9F1DF90A1800361B03 /* Model */ = {
			isa = PBXGroup;
			children = (
			);
			name = Model;
			sourceTree = "<group>";
		};
		9635BEA41DF9385E00361B03 /* Controller */ = {
			isa = PBXGroup;
			children = (
				9635BE831DF8B36E00361B03 /* FriendListController.swift */,
				9635BEA51DF9389000361B03 /* ChatLogController.swift */,
				9682D8411DF9F18800EE010E /* CustomTabBarController.swift */,
			);
			name = Controller;
			sourceTree = "<group>";
		};
/* End PBXGroup section */

/* Begin PBXNativeTarget section */
		9635BE7D1DF8B36E00361B03 /* Facebook Messenger */ = {
			isa = PBXNativeTarget;
			buildConfigurationList = 9635BE931DF8B36E00361B03 /* Build configuration list for PBXNativeTarget "Facebook Messenger" */;
			buildPhases = (
				4823C1B7C0900113760EB446 /* [CP] Check Pods Manifest.lock */,
				9635BE7A1DF8B36E00361B03 /* Sources */,
				9635BE7B1DF8B36E00361B03 /* Frameworks */,
				9635BE7C1DF8B36E00361B03 /* Resources */,
				C59A1837A055578E62839286 /* [CP] Embed Pods Frameworks */,
				5FD0E0ED11EE9F4B83363BE4 /* [CP] Copy Pods Resources */,
			);
			buildRules = (
			);
			dependencies = (
			);
			name = "Facebook Messenger";
			productName = "Facebook Messenger";
			productReference = 9635BE7E1DF8B36E00361B03 /* Facebook Messenger.app */;
			productType = "com.apple.product-type.application";
		};
/* End PBXNativeTarget section */

/* Begin PBXProject section */
		9635BE761DF8B36E00361B03 /* Project object */ = {
			isa = PBXProject;
			attributes = {
				LastSwiftUpdateCheck = 0810;
				LastUpgradeCheck = 0810;
				ORGANIZATIONNAME = "Juncheng Han";
				TargetAttributes = {
					9635BE7D1DF8B36E00361B03 = {
						CreatedOnToolsVersion = 8.1;
						DevelopmentTeam = C2VVZK2VN8;
						ProvisioningStyle = Automatic;
					};
				};
			};
			buildConfigurationList = 9635BE791DF8B36E00361B03 /* Build configuration list for PBXProject "Facebook Messenger" */;
			compatibilityVersion = "Xcode 3.2";
			developmentRegion = English;
			hasScannedForEncodings = 0;
			knownRegions = (
				en,
				Base,
			);
			mainGroup = 9635BE751DF8B36E00361B03;
			productRefGroup = 9635BE7F1DF8B36E00361B03 /* Products */;
			projectDirPath = "";
			projectRoot = "";
			targets = (
				9635BE7D1DF8B36E00361B03 /* Facebook Messenger */,
			);
		};
/* End PBXProject section */

/* Begin PBXResourcesBuildPhase section */
		9635BE7C1DF8B36E00361B03 /* Resources */ = {
			isa = PBXResourcesBuildPhase;
			buildActionMask = 2147483647;
			files = (
				9635BE8F1DF8B36E00361B03 /* LaunchScreen.storyboard in Resources */,
				9635BE8C1DF8B36E00361B03 /* Assets.xcassets in Resources */,
			);
			runOnlyForDeploymentPostprocessing = 0;
		};
/* End PBXResourcesBuildPhase section */

/* Begin PBXShellScriptBuildPhase section */
		4823C1B7C0900113760EB446 /* [CP] Check Pods Manifest.lock */ = {
			isa = PBXShellScriptBuildPhase;
			buildActionMask = 2147483647;
			files = (
			);
			inputPaths = (
			);
			name = "[CP] Check Pods Manifest.lock";
			outputPaths = (
			);
			runOnlyForDeploymentPostprocessing = 0;
			shellPath = /bin/sh;
			shellScript = "diff \"${PODS_ROOT}/../Podfile.lock\" \"${PODS_ROOT}/Manifest.lock\" > /dev/null\nif [ $? != 0 ] ; then\n    # print error to STDERR\n    echo \"error: The sandbox is not in sync with the Podfile.lock. Run 'pod install' or update your CocoaPods installation.\" >&2\n    exit 1\nfi\n";
			showEnvVarsInLog = 0;
		};
		5FD0E0ED11EE9F4B83363BE4 /* [CP] Copy Pods Resources */ = {
			isa = PBXShellScriptBuildPhase;
			buildActionMask = 2147483647;
			files = (
			);
			inputPaths = (
			);
			name = "[CP] Copy Pods Resources";
			outputPaths = (
			);
			runOnlyForDeploymentPostprocessing = 0;
			shellPath = /bin/sh;
			shellScript = "\"${SRCROOT}/Pods/Target Support Files/Pods-Facebook Messenger/Pods-Facebook Messenger-resources.sh\"\n";
			showEnvVarsInLog = 0;
		};
		C59A1837A055578E62839286 /* [CP] Embed Pods Frameworks */ = {
			isa = PBXShellScriptBuildPhase;
			buildActionMask = 2147483647;
			files = (
			);
			inputPaths = (
			);
			name = "[CP] Embed Pods Frameworks";
			outputPaths = (
			);
			runOnlyForDeploymentPostprocessing = 0;
			shellPath = /bin/sh;
			shellScript = "\"${SRCROOT}/Pods/Target Support Files/Pods-Facebook Messenger/Pods-Facebook Messenger-frameworks.sh\"\n";
			showEnvVarsInLog = 0;
		};
/* End PBXShellScriptBuildPhase section */

/* Begin PBXSourcesBuildPhase section */
		9635BE7A1DF8B36E00361B03 /* Sources */ = {
			isa = PBXSourcesBuildPhase;
			buildActionMask = 2147483647;
			files = (
				9635BEA61DF9389000361B03 /* ChatLogController.swift in Sources */,
				9682D8441DFA63BA00EE010E /* MessageInputsView.swift in Sources */,
				9635BE841DF8B36E00361B03 /* FriendListController.swift in Sources */,
				9635BE8A1DF8B36E00361B03 /* Facebook_Messenger.xcdatamodeld in Sources */,
				9635BE821DF8B36E00361B03 /* AppDelegate.swift in Sources */,
				9635BE9E1DF8EFB000361B03 /* Extension.swift in Sources */,
				9635BE9B1DF8BB4F00361B03 /* BaseCell.swift in Sources */,
				9635BE981DF8B8B100361B03 /* MessageCell.swift in Sources */,
				9635BEA31DF9116300361B03 /* FriendListControllerHelper.swift in Sources */,
				9682D8421DF9F18800EE010E /* CustomTabBarController.swift in Sources */,
			);
			runOnlyForDeploymentPostprocessing = 0;
		};
/* End PBXSourcesBuildPhase section */

/* Begin PBXVariantGroup section */
		9635BE8D1DF8B36E00361B03 /* LaunchScreen.storyboard */ = {
			isa = PBXVariantGroup;
			children = (
				9635BE8E1DF8B36E00361B03 /* Base */,
			);
			name = LaunchScreen.storyboard;
			sourceTree = "<group>";
		};
/* End PBXVariantGroup section */

/* Begin XCBuildConfiguration section */
		9635BE911DF8B36E00361B03 /* Debug */ = {
			isa = XCBuildConfiguration;
			buildSettings = {
				ALWAYS_SEARCH_USER_PATHS = NO;
				CLANG_ANALYZER_NONNULL = YES;
				CLANG_CXX_LANGUAGE_STANDARD = "gnu++0x";
				CLANG_CXX_LIBRARY = "libc++";
				CLANG_ENABLE_MODULES = YES;
				CLANG_ENABLE_OBJC_ARC = YES;
				CLANG_WARN_BOOL_CONVERSION = YES;
				CLANG_WARN_CONSTANT_CONVERSION = YES;
				CLANG_WARN_DIRECT_OBJC_ISA_USAGE = YES_ERROR;
				CLANG_WARN_DOCUMENTATION_COMMENTS = YES;
				CLANG_WARN_EMPTY_BODY = YES;
				CLANG_WARN_ENUM_CONVERSION = YES;
				CLANG_WARN_INFINITE_RECURSION = YES;
				CLANG_WARN_INT_CONVERSION = YES;
				CLANG_WARN_OBJC_ROOT_CLASS = YES_ERROR;
				CLANG_WARN_SUSPICIOUS_MOVE = YES;
				CLANG_WARN_SUSPICIOUS_MOVES = YES;
				CLANG_WARN_UNREACHABLE_CODE = YES;
				CLANG_WARN__DUPLICATE_METHOD_MATCH = YES;
				"CODE_SIGN_IDENTITY[sdk=iphoneos*]" = "iPhone Developer";
				COPY_PHASE_STRIP = NO;
				DEBUG_INFORMATION_FORMAT = dwarf;
				ENABLE_STRICT_OBJC_MSGSEND = YES;
				ENABLE_TESTABILITY = YES;
				GCC_C_LANGUAGE_STANDARD = gnu99;
				GCC_DYNAMIC_NO_PIC = NO;
				GCC_NO_COMMON_BLOCKS = YES;
				GCC_OPTIMIZATION_LEVEL = 0;
				GCC_PREPROCESSOR_DEFINITIONS = (
					"DEBUG=1",
					"$(inherited)",
				);
				GCC_WARN_64_TO_32_BIT_CONVERSION = YES;
				GCC_WARN_ABOUT_RETURN_TYPE = YES_ERROR;
				GCC_WARN_UNDECLARED_SELECTOR = YES;
				GCC_WARN_UNINITIALIZED_AUTOS = YES_AGGRESSIVE;
				GCC_WARN_UNUSED_FUNCTION = YES;
				GCC_WARN_UNUSED_VARIABLE = YES;
				IPHONEOS_DEPLOYMENT_TARGET = 10.1;
				MTL_ENABLE_DEBUG_INFO = YES;
				ONLY_ACTIVE_ARCH = YES;
				SDKROOT = iphoneos;
				SWIFT_ACTIVE_COMPILATION_CONDITIONS = DEBUG;
				SWIFT_OPTIMIZATION_LEVEL = "-Onone";
			};
			name = Debug;
		};
		9635BE921DF8B36E00361B03 /* Release */ = {
			isa = XCBuildConfiguration;
			buildSettings = {
				ALWAYS_SEARCH_USER_PATHS = NO;
				CLANG_ANALYZER_NONNULL = YES;
				CLANG_CXX_LANGUAGE_STANDARD = "gnu++0x";
				CLANG_CXX_LIBRARY = "libc++";
				CLANG_ENABLE_MODULES = YES;
				CLANG_ENABLE_OBJC_ARC = YES;
				CLANG_WARN_BOOL_CONVERSION = YES;
				CLANG_WARN_CONSTANT_CONVERSION = YES;
				CLANG_WARN_DIRECT_OBJC_ISA_USAGE = YES_ERROR;
				CLANG_WARN_DOCUMENTATION_COMMENTS = YES;
				CLANG_WARN_EMPTY_BODY = YES;
				CLANG_WARN_ENUM_CONVERSION = YES;
				CLANG_WARN_INFINITE_RECURSION = YES;
				CLANG_WARN_INT_CONVERSION = YES;
				CLANG_WARN_OBJC_ROOT_CLASS = YES_ERROR;
				CLANG_WARN_SUSPICIOUS_MOVE = YES;
				CLANG_WARN_SUSPICIOUS_MOVES = YES;
				CLANG_WARN_UNREACHABLE_CODE = YES;
				CLANG_WARN__DUPLICATE_METHOD_MATCH = YES;
				"CODE_SIGN_IDENTITY[sdk=iphoneos*]" = "iPhone Developer";
				COPY_PHASE_STRIP = NO;
				DEBUG_INFORMATION_FORMAT = "dwarf-with-dsym";
				ENABLE_NS_ASSERTIONS = NO;
				ENABLE_STRICT_OBJC_MSGSEND = YES;
				GCC_C_LANGUAGE_STANDARD = gnu99;
				GCC_NO_COMMON_BLOCKS = YES;
				GCC_WARN_64_TO_32_BIT_CONVERSION = YES;
				GCC_WARN_ABOUT_RETURN_TYPE = YES_ERROR;
				GCC_WARN_UNDECLARED_SELECTOR = YES;
				GCC_WARN_UNINITIALIZED_AUTOS = YES_AGGRESSIVE;
				GCC_WARN_UNUSED_FUNCTION = YES;
				GCC_WARN_UNUSED_VARIABLE = YES;
				IPHONEOS_DEPLOYMENT_TARGET = 10.1;
				MTL_ENABLE_DEBUG_INFO = NO;
				SDKROOT = iphoneos;
				SWIFT_OPTIMIZATION_LEVEL = "-Owholemodule";
				VALIDATE_PRODUCT = YES;
			};
			name = Release;
		};
		9635BE941DF8B36E00361B03 /* Debug */ = {
			isa = XCBuildConfiguration;
			baseConfigurationReference = F2834017C6E45F310598F98B /* Pods-Facebook Messenger.debug.xcconfig */;
			buildSettings = {
				ASSETCATALOG_COMPILER_APPICON_NAME = AppIcon;
				DEVELOPMENT_TEAM = C2VVZK2VN8;
				INFOPLIST_FILE = "Facebook Messenger/Info.plist";
				LD_RUNPATH_SEARCH_PATHS = "$(inherited) @executable_path/Frameworks";
				PRODUCT_BUNDLE_IDENTIFIER = "com.juncheng.app.Facebook-Messenger";
				PRODUCT_NAME = "$(TARGET_NAME)";
				SWIFT_VERSION = 3.0;
			};
			name = Debug;
		};
		9635BE951DF8B36E00361B03 /* Release */ = {
			isa = XCBuildConfiguration;
			baseConfigurationReference = 948A27BC51C3432C0ABC90FF /* Pods-Facebook Messenger.release.xcconfig */;
			buildSettings = {
				ASSETCATALOG_COMPILER_APPICON_NAME = AppIcon;
				DEVELOPMENT_TEAM = C2VVZK2VN8;
				INFOPLIST_FILE = "Facebook Messenger/Info.plist";
				LD_RUNPATH_SEARCH_PATHS = "$(inherited) @executable_path/Frameworks";
				PRODUCT_BUNDLE_IDENTIFIER = "com.juncheng.app.Facebook-Messenger";
				PRODUCT_NAME = "$(TARGET_NAME)";
				SWIFT_VERSION = 3.0;
			};
			name = Release;
		};
/* End XCBuildConfiguration section */

/* Begin XCConfigurationList section */
		9635BE791DF8B36E00361B03 /* Build configuration list for PBXProject "Facebook Messenger" */ = {
			isa = XCConfigurationList;
			buildConfigurations = (
				9635BE911DF8B36E00361B03 /* Debug */,
				9635BE921DF8B36E00361B03 /* Release */,
			);
			defaultConfigurationIsVisible = 0;
			defaultConfigurationName = Release;
		};
		9635BE931DF8B36E00361B03 /* Build configuration list for PBXNativeTarget "Facebook Messenger" */ = {
			isa = XCConfigurationList;
			buildConfigurations = (
				9635BE941DF8B36E00361B03 /* Debug */,
				9635BE951DF8B36E00361B03 /* Release */,
			);
			defaultConfigurationIsVisible = 0;
			defaultConfigurationName = Release;
		};
/* End XCConfigurationList section */

/* Begin XCVersionGroup section */
		9635BE881DF8B36E00361B03 /* Facebook_Messenger.xcdatamodeld */ = {
			isa = XCVersionGroup;
			children = (
				9635BE891DF8B36E00361B03 /* Facebook_Messenger.xcdatamodel */,
			);
			currentVersion = 9635BE891DF8B36E00361B03 /* Facebook_Messenger.xcdatamodel */;
			path = Facebook_Messenger.xcdatamodeld;
			sourceTree = "<group>";
			versionGroupType = wrapper.xcdatamodel;
		};
/* End XCVersionGroup section */
	};
	rootObject = 9635BE761DF8B36E00361B03 /* Project object */;
}
